
Microsoft Visual Studio Solution File, Format Version 12.00
# Visual Studio Version 17
VisualStudioVersion = 17.7.34031.279
MinimumVisualStudioVersion = 10.0.40219.1
Project("{9A19103F-16F7-4668-BE54-9A1E7A4F7556}") = "BonusServer", "BonusServer\BonusServer.csproj", "{0DCE4D85-971A-4CC9-AD9A-62F1ABD942FF}"
	ProjectSection(ProjectDependencies) = postProject
		{F85FB7CF-3D70-49AB-91CE-3530AECD81FD} = {F85FB7CF-3D70-49AB-91CE-3530AECD81FD}
	EndProjectSection
EndProject
Project("{9A19103F-16F7-4668-BE54-9A1E7A4F7556}") = "FunLobbyUtils", "FunLobbyUtility\FunLobbyUtils.csproj", "{F85FB7CF-3D70-49AB-91CE-3530AECD81FD}"
EndProject
Global
	GlobalSection(SolutionConfigurationPlatforms) = preSolution
		Debug|Any CPU = Debug|Any CPU
		Release|Any CPU = Release|Any CPU
	EndGlobalSection
	GlobalSection(ProjectConfigurationPlatforms) = postSolution
		{0DCE4D85-971A-4CC9-AD9A-62F1ABD942FF}.Debug|Any CPU.ActiveCfg = Debug|Any CPU
		{0DCE4D85-971A-4CC9-AD9A-62F1ABD942FF}.Debug|Any CPU.Build.0 = Debug|Any CPU
		{0DCE4D85-971A-4CC9-AD9A-62F1ABD942FF}.Release|Any CPU.ActiveCfg = Release|Any CPU
		{0DCE4D85-971A-4CC9-AD9A-62F1ABD942FF}.Release|Any CPU.Build.0 = Release|Any CPU
		{F85FB7CF-3D70-49AB-91CE-3530AECD81FD}.Debug|Any CPU.ActiveCfg = Debug|Any CPU
		{F85FB7CF-3D70-49AB-91CE-3530AECD81FD}.Debug|Any CPU.Build.0 = Debug|Any CPU
		{F85FB7CF-3D70-49AB-91CE-3530AECD81FD}.Release|Any CPU.ActiveCfg = Release|Any CPU
		{F85FB7CF-3D70-49AB-91CE-3530AECD81FD}.Release|Any CPU.Build.0 = Release|Any CPU
	EndGlobalSection
	GlobalSection(SolutionProperties) = preSolution
		HideSolutionNode = FALSE
	EndGlobalSection
	GlobalSection(ExtensibilityGlobals) = postSolution
		SolutionGuid = {800F0D4B-D20B-4D6D-A58D-DD53A36717A9}
	EndGlobalSection
EndGlobal
